
Microsoft Visual Studio Solution File, Format Version 12.00
# Visual Studio 15
VisualStudioVersion = 15.0.27428.2043
MinimumVisualStudioVersion = 10.0.40219.1
Project("{FAE04EC0-301F-11D3-BF4B-00C04F79EFBC}") = "weeklyplanner.Android", "weeklyplanner\weeklyplanner.Android\weeklyplanner.Android.csproj", "{101C75DD-9FB3-4D27-84B1-3A24631BCEB5}"
EndProject
Project("{FAE04EC0-301F-11D3-BF4B-00C04F79EFBC}") = "weeklyplanner.iOS", "weeklyplanner\weeklyplanner.iOS\weeklyplanner.iOS.csproj", "{C1BED4A8-144B-4B7D-B170-C387691E1FAF}"
EndProject
Project("{FAE04EC0-301F-11D3-BF4B-00C04F79EFBC}") = "weeklyplanner.UWP", "weeklyplanner\weeklyplanner.UWP\weeklyplanner.UWP.csproj", "{1F6B8813-C5BE-4D92-9224-4B8085D0BB0E}"
EndProject
Project("{D954291E-2A0B-460D-934E-DC6B0785DB48}") = "weeklyplanner", "weeklyplanner\weeklyplanner\weeklyplanner.shproj", "{A6539E0F-070E-442D-82CE-9BF88A44BE93}"
EndProject
Global
	GlobalSection(SharedMSBuildProjectFiles) = preSolution
		weeklyplanner\weeklyplanner\weeklyplanner.projitems*{101c75dd-9fb3-4d27-84b1-3a24631bceb5}*SharedItemsImports = 4
		weeklyplanner\weeklyplanner\weeklyplanner.projitems*{1f6b8813-c5be-4d92-9224-4b8085d0bb0e}*SharedItemsImports = 4
		weeklyplanner\weeklyplanner\weeklyplanner.projitems*{a6539e0f-070e-442d-82ce-9bf88a44be93}*SharedItemsImports = 13
		weeklyplanner\weeklyplanner\weeklyplanner.projitems*{c1bed4a8-144b-4b7d-b170-c387691e1faf}*SharedItemsImports = 4
	EndGlobalSection
	GlobalSection(SolutionConfigurationPlatforms) = preSolution
		Ad-Hoc|Any CPU = Ad-Hoc|Any CPU
		Ad-Hoc|ARM = Ad-Hoc|ARM
		Ad-Hoc|iPhone = Ad-Hoc|iPhone
		Ad-Hoc|iPhoneSimulator = Ad-Hoc|iPhoneSimulator
		Ad-Hoc|x64 = Ad-Hoc|x64
		Ad-Hoc|x86 = Ad-Hoc|x86
		AppStore|Any CPU = AppStore|Any CPU
		AppStore|ARM = AppStore|ARM
		AppStore|iPhone = AppStore|iPhone
		AppStore|iPhoneSimulator = AppStore|iPhoneSimulator
		AppStore|x64 = AppStore|x64
		AppStore|x86 = AppStore|x86
		Debug|Any CPU = Debug|Any CPU
		Debug|ARM = Debug|ARM
		Debug|iPhone = Debug|iPhone
		Debug|iPhoneSimulator = Debug|iPhoneSimulator
		Debug|x64 = Debug|x64
		Debug|x86 = Debug|x86
		Release|Any CPU = Release|Any CPU
		Release|ARM = Release|ARM
		Release|iPhone = Release|iPhone
		Release|iPhoneSimulator = Release|iPhoneSimulator
		Release|x64 = Release|x64
		Release|x86 = Release|x86
	EndGlobalSection
	GlobalSection(ProjectConfigurationPlatforms) = postSolution
		{101C75DD-9FB3-4D27-84B1-3A24631BCEB5}.Ad-Hoc|Any CPU.ActiveCfg = Release|Any CPU
		{101C75DD-9FB3-4D27-84B1-3A24631BCEB5}.Ad-Hoc|Any CPU.Build.0 = Release|Any CPU
		{101C75DD-9FB3-4D27-84B1-3A24631BCEB5}.Ad-Hoc|Any CPU.Deploy.0 = Release|Any CPU
		{101C75DD-9FB3-4D27-84B1-3A24631BCEB5}.Ad-Hoc|ARM.ActiveCfg = Release|Any CPU
		{101C75DD-9FB3-4D27-84B1-3A24631BCEB5}.Ad-Hoc|ARM.Build.0 = Release|Any CPU
		{101C75DD-9FB3-4D27-84B1-3A24631BCEB5}.Ad-Hoc|ARM.Deploy.0 = Release|Any CPU
		{101C75DD-9FB3-4D27-84B1-3A24631BCEB5}.Ad-Hoc|iPhone.ActiveCfg = Release|Any CPU
		{101C75DD-9FB3-4D27-84B1-3A24631BCEB5}.Ad-Hoc|iPhone.Build.0 = Release|Any CPU
		{101C75DD-9FB3-4D27-84B1-3A24631BCEB5}.Ad-Hoc|iPhone.Deploy.0 = Release|Any CPU
		{101C75DD-9FB3-4D27-84B1-3A24631BCEB5}.Ad-Hoc|iPhoneSimulator.ActiveCfg = Release|Any CPU
		{101C75DD-9FB3-4D27-84B1-3A24631BCEB5}.Ad-Hoc|iPhoneSimulator.Build.0 = Release|Any CPU
		{101C75DD-9FB3-4D27-84B1-3A24631BCEB5}.Ad-Hoc|iPhoneSimulator.Deploy.0 = Release|Any CPU
		{101C75DD-9FB3-4D27-84B1-3A24631BCEB5}.Ad-Hoc|x64.ActiveCfg = Release|Any CPU
		{101C75DD-9FB3-4D27-84B1-3A24631BCEB5}.Ad-Hoc|x64.Build.0 = Release|Any CPU
		{101C75DD-9FB3-4D27-84B1-3A24631BCEB5}.Ad-Hoc|x64.Deploy.0 = Release|Any CPU
		{101C75DD-9FB3-4D27-84B1-3A24631BCEB5}.Ad-Hoc|x86.ActiveCfg = Release|Any CPU
		{101C75DD-9FB3-4D27-84B1-3A24631BCEB5}.Ad-Hoc|x86.Build.0 = Release|Any CPU
		{101C75DD-9FB3-4D27-84B1-3A24631BCEB5}.Ad-Hoc|x86.Deploy.0 = Release|Any CPU
		{101C75DD-9FB3-4D27-84B1-3A24631BCEB5}.AppStore|Any CPU.ActiveCfg = Release|Any CPU
		{101C75DD-9FB3-4D27-84B1-3A24631BCEB5}.AppStore|Any CPU.Build.0 = Release|Any CPU
		{101C75DD-9FB3-4D27-84B1-3A24631BCEB5}.AppStore|Any CPU.Deploy.0 = Release|Any CPU
		{101C75DD-9FB3-4D27-84B1-3A24631BCEB5}.AppStore|ARM.ActiveCfg = Release|Any CPU
		{101C75DD-9FB3-4D27-84B1-3A24631BCEB5}.AppStore|ARM.Build.0 = Release|Any CPU
		{101C75DD-9FB3-4D27-84B1-3A24631BCEB5}.AppStore|ARM.Deploy.0 = Release|Any CPU
		{101C75DD-9FB3-4D27-84B1-3A24631BCEB5}.AppStore|iPhone.ActiveCfg = Release|Any CPU
		{101C75DD-9FB3-4D27-84B1-3A24631BCEB5}.AppStore|iPhone.Build.0 = Release|Any CPU
		{101C75DD-9FB3-4D27-84B1-3A24631BCEB5}.AppStore|iPhone.Deploy.0 = Release|Any CPU
		{101C75DD-9FB3-4D27-84B1-3A24631BCEB5}.AppStore|iPhoneSimulator.ActiveCfg = Release|Any CPU
		{101C75DD-9FB3-4D27-84B1-3A24631BCEB5}.AppStore|iPhoneSimulator.Build.0 = Release|Any CPU
		{101C75DD-9FB3-4D27-84B1-3A24631BCEB5}.AppStore|iPhoneSimulator.Deploy.0 = Release|Any CPU
		{101C75DD-9FB3-4D27-84B1-3A24631BCEB5}.AppStore|x64.ActiveCfg = Release|Any CPU
		{101C75DD-9FB3-4D27-84B1-3A24631BCEB5}.AppStore|x64.Build.0 = Release|Any CPU
		{101C75DD-9FB3-4D27-84B1-3A24631BCEB5}.AppStore|x64.Deploy.0 = Release|Any CPU
		{101C75DD-9FB3-4D27-84B1-3A24631BCEB5}.AppStore|x86.ActiveCfg = Release|Any CPU
		{101C75DD-9FB3-4D27-84B1-3A24631BCEB5}.AppStore|x86.Build.0 = Release|Any CPU
		{101C75DD-9FB3-4D27-84B1-3A24631BCEB5}.AppStore|x86.Deploy.0 = Release|Any CPU
		{101C75DD-9FB3-4D27-84B1-3A24631BCEB5}.Debug|Any CPU.ActiveCfg = Debug|Any CPU
		{101C75DD-9FB3-4D27-84B1-3A24631BCEB5}.Debug|Any CPU.Build.0 = Debug|Any CPU
		{101C75DD-9FB3-4D27-84B1-3A24631BCEB5}.Debug|Any CPU.Deploy.0 = Debug|Any CPU
		{101C75DD-9FB3-4D27-84B1-3A24631BCEB5}.Debug|ARM.ActiveCfg = Debug|Any CPU
		{101C75DD-9FB3-4D27-84B1-3A24631BCEB5}.Debug|ARM.Build.0 = Debug|Any CPU
		{101C75DD-9FB3-4D27-84B1-3A24631BCEB5}.Debug|ARM.Deploy.0 = Debug|Any CPU
		{101C75DD-9FB3-4D27-84B1-3A24631BCEB5}.Debug|iPhone.ActiveCfg = Debug|Any CPU
		{101C75DD-9FB3-4D27-84B1-3A24631BCEB5}.Debug|iPhone.Build.0 = Debug|Any CPU
		{101C75DD-9FB3-4D27-84B1-3A24631BCEB5}.Debug|iPhone.Deploy.0 = Debug|Any CPU
		{101C75DD-9FB3-4D27-84B1-3A24631BCEB5}.Debug|iPhoneSimulator.ActiveCfg = Debug|Any CPU
		{101C75DD-9FB3-4D27-84B1-3A24631BCEB5}.Debug|iPhoneSimulator.Build.0 = Debug|Any CPU
		{101C75DD-9FB3-4D27-84B1-3A24631BCEB5}.Debug|iPhoneSimulator.Deploy.0 = Debug|Any CPU
		{101C75DD-9FB3-4D27-84B1-3A24631BCEB5}.Debug|x64.ActiveCfg = Debug|Any CPU
		{101C75DD-9FB3-4D27-84B1-3A24631BCEB5}.Debug|x64.Build.0 = Debug|Any CPU
		{101C75DD-9FB3-4D27-84B1-3A24631BCEB5}.Debug|x64.Deploy.0 = Debug|Any CPU
		{101C75DD-9FB3-4D27-84B1-3A24631BCEB5}.Debug|x86.ActiveCfg = Debug|Any CPU
		{101C75DD-9FB3-4D27-84B1-3A24631BCEB5}.Debug|x86.Build.0 = Debug|Any CPU
		{101C75DD-9FB3-4D27-84B1-3A24631BCEB5}.Debug|x86.Deploy.0 = Debug|Any CPU
		{101C75DD-9FB3-4D27-84B1-3A24631BCEB5}.Release|Any CPU.ActiveCfg = Release|Any CPU
		{101C75DD-9FB3-4D27-84B1-3A24631BCEB5}.Release|Any CPU.Build.0 = Release|Any CPU
		{101C75DD-9FB3-4D27-84B1-3A24631BCEB5}.Release|Any CPU.Deploy.0 = Release|Any CPU
		{101C75DD-9FB3-4D27-84B1-3A24631BCEB5}.Release|ARM.ActiveCfg = Release|Any CPU
		{101C75DD-9FB3-4D27-84B1-3A24631BCEB5}.Release|ARM.Build.0 = Release|Any CPU
		{101C75DD-9FB3-4D27-84B1-3A24631BCEB5}.Release|ARM.Deploy.0 = Release|Any CPU
		{101C75DD-9FB3-4D27-84B1-3A24631BCEB5}.Release|iPhone.ActiveCfg = Release|Any CPU
		{101C75DD-9FB3-4D27-84B1-3A24631BCEB5}.Release|iPhone.Build.0 = Release|Any CPU
		{101C75DD-9FB3-4D27-84B1-3A24631BCEB5}.Release|iPhone.Deploy.0 = Release|Any CPU
		{101C75DD-9FB3-4D27-84B1-3A24631BCEB5}.Release|iPhoneSimulator.ActiveCfg = Release|Any CPU
		{101C75DD-9FB3-4D27-84B1-3A24631BCEB5}.Release|iPhoneSimulator.Build.0 = Release|Any CPU
		{101C75DD-9FB3-4D27-84B1-3A24631BCEB5}.Release|iPhoneSimulator.Deploy.0 = Release|Any CPU
		{101C75DD-9FB3-4D27-84B1-3A24631BCEB5}.Release|x64.ActiveCfg = Release|Any CPU
		{101C75DD-9FB3-4D27-84B1-3A24631BCEB5}.Release|x64.Build.0 = Release|Any CPU
		{101C75DD-9FB3-4D27-84B1-3A24631BCEB5}.Release|x64.Deploy.0 = Release|Any CPU
		{101C75DD-9FB3-4D27-84B1-3A24631BCEB5}.Release|x86.ActiveCfg = Release|Any CPU
		{101C75DD-9FB3-4D27-84B1-3A24631BCEB5}.Release|x86.Build.0 = Release|Any CPU
		{101C75DD-9FB3-4D27-84B1-3A24631BCEB5}.Release|x86.Deploy.0 = Release|Any CPU
		{C1BED4A8-144B-4B7D-B170-C387691E1FAF}.Ad-Hoc|Any CPU.ActiveCfg = Ad-Hoc|iPhone
		{C1BED4A8-144B-4B7D-B170-C387691E1FAF}.Ad-Hoc|ARM.ActiveCfg = Ad-Hoc|iPhone
		{C1BED4A8-144B-4B7D-B170-C387691E1FAF}.Ad-Hoc|iPhone.ActiveCfg = Ad-Hoc|iPhone
		{C1BED4A8-144B-4B7D-B170-C387691E1FAF}.Ad-Hoc|iPhone.Build.0 = Ad-Hoc|iPhone
		{C1BED4A8-144B-4B7D-B170-C387691E1FAF}.Ad-Hoc|iPhoneSimulator.ActiveCfg = Ad-Hoc|iPhoneSimulator
		{C1BED4A8-144B-4B7D-B170-C387691E1FAF}.Ad-Hoc|iPhoneSimulator.Build.0 = Ad-Hoc|iPhoneSimulator
		{C1BED4A8-144B-4B7D-B170-C387691E1FAF}.Ad-Hoc|x64.ActiveCfg = Ad-Hoc|iPhone
		{C1BED4A8-144B-4B7D-B170-C387691E1FAF}.Ad-Hoc|x86.ActiveCfg = Ad-Hoc|iPhone
		{C1BED4A8-144B-4B7D-B170-C387691E1FAF}.AppStore|Any CPU.ActiveCfg = AppStore|iPhone
		{C1BED4A8-144B-4B7D-B170-C387691E1FAF}.AppStore|ARM.ActiveCfg = AppStore|iPhone
		{C1BED4A8-144B-4B7D-B170-C387691E1FAF}.AppStore|iPhone.ActiveCfg = AppStore|iPhone
		{C1BED4A8-144B-4B7D-B170-C387691E1FAF}.AppStore|iPhone.Build.0 = AppStore|iPhone
		{C1BED4A8-144B-4B7D-B170-C387691E1FAF}.AppStore|iPhoneSimulator.ActiveCfg = AppStore|iPhoneSimulator
		{C1BED4A8-144B-4B7D-B170-C387691E1FAF}.AppStore|iPhoneSimulator.Build.0 = AppStore|iPhoneSimulator
		{C1BED4A8-144B-4B7D-B170-C387691E1FAF}.AppStore|x64.ActiveCfg = AppStore|iPhone
		{C1BED4A8-144B-4B7D-B170-C387691E1FAF}.AppStore|x86.ActiveCfg = AppStore|iPhone
		{C1BED4A8-144B-4B7D-B170-C387691E1FAF}.Debug|Any CPU.ActiveCfg = Debug|iPhone
		{C1BED4A8-144B-4B7D-B170-C387691E1FAF}.Debug|ARM.ActiveCfg = Debug|iPhone
		{C1BED4A8-144B-4B7D-B170-C387691E1FAF}.Debug|iPhone.ActiveCfg = Debug|iPhone
		{C1BED4A8-144B-4B7D-B170-C387691E1FAF}.Debug|iPhone.Build.0 = Debug|iPhone
		{C1BED4A8-144B-4B7D-B170-C387691E1FAF}.Debug|iPhoneSimulator.ActiveCfg = Debug|iPhoneSimulator
		{C1BED4A8-144B-4B7D-B170-C387691E1FAF}.Debug|iPhoneSimulator.Build.0 = Debug|iPhoneSimulator
		{C1BED4A8-144B-4B7D-B170-C387691E1FAF}.Debug|x64.ActiveCfg = Debug|iPhone
		{C1BED4A8-144B-4B7D-B170-C387691E1FAF}.Debug|x86.ActiveCfg = Debug|iPhone
		{C1BED4A8-144B-4B7D-B170-C387691E1FAF}.Release|Any CPU.ActiveCfg = Release|iPhone
		{C1BED4A8-144B-4B7D-B170-C387691E1FAF}.Release|ARM.ActiveCfg = Release|iPhone
		{C1BED4A8-144B-4B7D-B170-C387691E1FAF}.Release|iPhone.ActiveCfg = Release|iPhone
		{C1BED4A8-144B-4B7D-B170-C387691E1FAF}.Release|iPhone.Build.0 = Release|iPhone
		{C1BED4A8-144B-4B7D-B170-C387691E1FAF}.Release|iPhoneSimulator.ActiveCfg = Release|iPhoneSimulator
		{C1BED4A8-144B-4B7D-B170-C387691E1FAF}.Release|iPhoneSimulator.Build.0 = Release|iPhoneSimulator
		{C1BED4A8-144B-4B7D-B170-C387691E1FAF}.Release|x64.ActiveCfg = Release|iPhone
		{C1BED4A8-144B-4B7D-B170-C387691E1FAF}.Release|x86.ActiveCfg = Release|iPhone
		{1F6B8813-C5BE-4D92-9224-4B8085D0BB0E}.Ad-Hoc|Any CPU.ActiveCfg = Release|x86
		{1F6B8813-C5BE-4D92-9224-4B8085D0BB0E}.Ad-Hoc|Any CPU.Build.0 = Release|x86
		{1F6B8813-C5BE-4D92-9224-4B8085D0BB0E}.Ad-Hoc|Any CPU.Deploy.0 = Release|x86
		{1F6B8813-C5BE-4D92-9224-4B8085D0BB0E}.Ad-Hoc|ARM.ActiveCfg = Release|ARM
		{1F6B8813-C5BE-4D92-9224-4B8085D0BB0E}.Ad-Hoc|ARM.Build.0 = Release|ARM
		{1F6B8813-C5BE-4D92-9224-4B8085D0BB0E}.Ad-Hoc|ARM.Deploy.0 = Release|ARM
		{1F6B8813-C5BE-4D92-9224-4B8085D0BB0E}.Ad-Hoc|iPhone.ActiveCfg = Release|x86
		{1F6B8813-C5BE-4D92-9224-4B8085D0BB0E}.Ad-Hoc|iPhone.Build.0 = Release|x86
		{1F6B8813-C5BE-4D92-9224-4B8085D0BB0E}.Ad-Hoc|iPhone.Deploy.0 = Release|x86
		{1F6B8813-C5BE-4D92-9224-4B8085D0BB0E}.Ad-Hoc|iPhoneSimulator.ActiveCfg = Release|x86
		{1F6B8813-C5BE-4D92-9224-4B8085D0BB0E}.Ad-Hoc|iPhoneSimulator.Build.0 = Release|x86
		{1F6B8813-C5BE-4D92-9224-4B8085D0BB0E}.Ad-Hoc|iPhoneSimulator.Deploy.0 = Release|x86
		{1F6B8813-C5BE-4D92-9224-4B8085D0BB0E}.Ad-Hoc|x64.ActiveCfg = Release|x64
		{1F6B8813-C5BE-4D92-9224-4B8085D0BB0E}.Ad-Hoc|x64.Build.0 = Release|x64
		{1F6B8813-C5BE-4D92-9224-4B8085D0BB0E}.Ad-Hoc|x64.Deploy.0 = Release|x64
		{1F6B8813-C5BE-4D92-9224-4B8085D0BB0E}.Ad-Hoc|x86.ActiveCfg = Release|x86
		{1F6B8813-C5BE-4D92-9224-4B8085D0BB0E}.Ad-Hoc|x86.Build.0 = Release|x86
		{1F6B8813-C5BE-4D92-9224-4B8085D0BB0E}.Ad-Hoc|x86.Deploy.0 = Release|x86
		{1F6B8813-C5BE-4D92-9224-4B8085D0BB0E}.AppStore|Any CPU.ActiveCfg = Release|x86
		{1F6B8813-C5BE-4D92-9224-4B8085D0BB0E}.AppStore|Any CPU.Build.0 = Release|x86
		{1F6B8813-C5BE-4D92-9224-4B8085D0BB0E}.AppStore|Any CPU.Deploy.0 = Release|x86
		{1F6B8813-C5BE-4D92-9224-4B8085D0BB0E}.AppStore|ARM.ActiveCfg = Release|ARM
		{1F6B8813-C5BE-4D92-9224-4B8085D0BB0E}.AppStore|ARM.Build.0 = Release|ARM
		{1F6B8813-C5BE-4D92-9224-4B8085D0BB0E}.AppStore|ARM.Deploy.0 = Release|ARM
		{1F6B8813-C5BE-4D92-9224-4B8085D0BB0E}.AppStore|iPhone.ActiveCfg = Release|x86
		{1F6B8813-C5BE-4D92-9224-4B8085D0BB0E}.AppStore|iPhone.Build.0 = Release|x86
		{1F6B8813-C5BE-4D92-9224-4B8085D0BB0E}.AppStore|iPhone.Deploy.0 = Release|x86
		{1F6B8813-C5BE-4D92-9224-4B8085D0BB0E}.AppStore|iPhoneSimulator.ActiveCfg = Release|x86
		{1F6B8813-C5BE-4D92-9224-4B8085D0BB0E}.AppStore|iPhoneSimulator.Build.0 = Release|x86
		{1F6B8813-C5BE-4D92-9224-4B8085D0BB0E}.AppStore|iPhoneSimulator.Deploy.0 = Release|x86
		{1F6B8813-C5BE-4D92-9224-4B8085D0BB0E}.AppStore|x64.ActiveCfg = Release|x64
		{1F6B8813-C5BE-4D92-9224-4B8085D0BB0E}.AppStore|x64.Build.0 = Release|x64
		{1F6B8813-C5BE-4D92-9224-4B8085D0BB0E}.AppStore|x64.Deploy.0 = Release|x64
		{1F6B8813-C5BE-4D92-9224-4B8085D0BB0E}.AppStore|x86.ActiveCfg = Release|x86
		{1F6B8813-C5BE-4D92-9224-4B8085D0BB0E}.AppStore|x86.Build.0 = Release|x86
		{1F6B8813-C5BE-4D92-9224-4B8085D0BB0E}.AppStore|x86.Deploy.0 = Release|x86
		{1F6B8813-C5BE-4D92-9224-4B8085D0BB0E}.Debug|Any CPU.ActiveCfg = Debug|x86
		{1F6B8813-C5BE-4D92-9224-4B8085D0BB0E}.Debug|ARM.ActiveCfg = Debug|ARM
		{1F6B8813-C5BE-4D92-9224-4B8085D0BB0E}.Debug|ARM.Build.0 = Debug|ARM
		{1F6B8813-C5BE-4D92-9224-4B8085D0BB0E}.Debug|ARM.Deploy.0 = Debug|ARM
		{1F6B8813-C5BE-4D92-9224-4B8085D0BB0E}.Debug|iPhone.ActiveCfg = Debug|x86
		{1F6B8813-C5BE-4D92-9224-4B8085D0BB0E}.Debug|iPhoneSimulator.ActiveCfg = Debug|x86
		{1F6B8813-C5BE-4D92-9224-4B8085D0BB0E}.Debug|x64.ActiveCfg = Debug|x64
		{1F6B8813-C5BE-4D92-9224-4B8085D0BB0E}.Debug|x64.Build.0 = Debug|x64
		{1F6B8813-C5BE-4D92-9224-4B8085D0BB0E}.Debug|x64.Deploy.0 = Debug|x64
		{1F6B8813-C5BE-4D92-9224-4B8085D0BB0E}.Debug|x86.ActiveCfg = Debug|x86
		{1F6B8813-C5BE-4D92-9224-4B8085D0BB0E}.Debug|x86.Build.0 = Debug|x86
		{1F6B8813-C5BE-4D92-9224-4B8085D0BB0E}.Debug|x86.Deploy.0 = Debug|x86
		{1F6B8813-C5BE-4D92-9224-4B8085D0BB0E}.Release|Any CPU.ActiveCfg = Release|x86
		{1F6B8813-C5BE-4D92-9224-4B8085D0BB0E}.Release|ARM.ActiveCfg = Release|ARM
		{1F6B8813-C5BE-4D92-9224-4B8085D0BB0E}.Release|ARM.Build.0 = Release|ARM
		{1F6B8813-C5BE-4D92-9224-4B8085D0BB0E}.Release|ARM.Deploy.0 = Release|ARM
		{1F6B8813-C5BE-4D92-9224-4B8085D0BB0E}.Release|iPhone.ActiveCfg = Release|x86
		{1F6B8813-C5BE-4D92-9224-4B8085D0BB0E}.Release|iPhoneSimulator.ActiveCfg = Release|x86
		{1F6B8813-C5BE-4D92-9224-4B8085D0BB0E}.Release|x64.ActiveCfg = Release|x64
		{1F6B8813-C5BE-4D92-9224-4B8085D0BB0E}.Release|x64.Build.0 = Release|x64
		{1F6B8813-C5BE-4D92-9224-4B8085D0BB0E}.Release|x64.Deploy.0 = Release|x64
		{1F6B8813-C5BE-4D92-9224-4B8085D0BB0E}.Release|x86.ActiveCfg = Release|x86
		{1F6B8813-C5BE-4D92-9224-4B8085D0BB0E}.Release|x86.Build.0 = Release|x86
		{1F6B8813-C5BE-4D92-9224-4B8085D0BB0E}.Release|x86.Deploy.0 = Release|x86
	EndGlobalSection
	GlobalSection(SolutionProperties) = preSolution
		HideSolutionNode = FALSE
	EndGlobalSection
	GlobalSection(ExtensibilityGlobals) = postSolution
		SolutionGuid = {6F2AD1D4-6109-4B02-ADEA-6520E05A0676}
	EndGlobalSection
EndGlobal
